
Microsoft Visual Studio Solution File, Format Version 12.00
# Visual Studio Version 17
VisualStudioVersion = 17.8.34316.72
MinimumVisualStudioVersion = 10.0.40219.1
Project("{9A19103F-16F7-4668-BE54-9A1E7A4F7556}") = "BlazorWebApp", "BlazorWebApp\BlazorWebApp\BlazorWebApp.csproj", "{8A4B5BB5-2B84-457E-806F-4614196FC0E5}"
EndProject
Project("{9A19103F-16F7-4668-BE54-9A1E7A4F7556}") = "BlazorWebApp.Client", "BlazorWebApp\BlazorWebApp.Client\BlazorWebApp.Client.csproj", "{CEF1560D-AF61-4E1A-A7B9-44DD0CA114C9}"
EndProject
Global
	GlobalSection(SolutionConfigurationPlatforms) = preSolution
		Debug|Any CPU = Debug|Any CPU
		Release|Any CPU = Release|Any CPU
	EndGlobalSection
	GlobalSection(ProjectConfigurationPlatforms) = postSolution
		{8A4B5BB5-2B84-457E-806F-4614196FC0E5}.Debug|Any CPU.ActiveCfg = Debug|Any CPU
		{8A4B5BB5-2B84-457E-806F-4614196FC0E5}.Debug|Any CPU.Build.0 = Debug|Any CPU
		{8A4B5BB5-2B84-457E-806F-4614196FC0E5}.Release|Any CPU.ActiveCfg = Release|Any CPU
		{8A4B5BB5-2B84-457E-806F-4614196FC0E5}.Release|Any CPU.Build.0 = Release|Any CPU
		{CEF1560D-AF61-4E1A-A7B9-44DD0CA114C9}.Debug|Any CPU.ActiveCfg = Debug|Any CPU
		{CEF1560D-AF61-4E1A-A7B9-44DD0CA114C9}.Debug|Any CPU.Build.0 = Debug|Any CPU
		{CEF1560D-AF61-4E1A-A7B9-44DD0CA114C9}.Release|Any CPU.ActiveCfg = Release|Any CPU
		{CEF1560D-AF61-4E1A-A7B9-44DD0CA114C9}.Release|Any CPU.Build.0 = Release|Any CPU
	EndGlobalSection
	GlobalSection(SolutionProperties) = preSolution
		HideSolutionNode = FALSE
	EndGlobalSection
	GlobalSection(ExtensibilityGlobals) = postSolution
		SolutionGuid = {62C9D698-12D1-4FC6-B97F-0C50866C37AE}
	EndGlobalSection
EndGlobal
